
Microsoft Visual Studio Solution File, Format Version 12.00
# Visual Studio Version 16
VisualStudioVersion = 16.0.30114.105
MinimumVisualStudioVersion = 10.0.40219.1
Project("{FAE04EC0-301F-11D3-BF4B-00C04F79EFBC}") = "API", "API\API.csproj", "{86499562-5E5E-45E8-9A4A-894DA0EFD5B2}"
EndProject
Project("{FAE04EC0-301F-11D3-BF4B-00C04F79EFBC}") = "Core", "Core\Core.csproj", "{A3048169-33F9-4E38-94A5-A01119CCED9E}"
EndProject
Project("{FAE04EC0-301F-11D3-BF4B-00C04F79EFBC}") = "Infrastructure", "Infrastructure\Infrastructure.csproj", "{7CBE7EB9-56C2-445D-B2BA-04D9E5E9E70A}"
EndProject
Global
	GlobalSection(SolutionConfigurationPlatforms) = preSolution
		Debug|Any CPU = Debug|Any CPU
		Release|Any CPU = Release|Any CPU
	EndGlobalSection
	GlobalSection(SolutionProperties) = preSolution
		HideSolutionNode = FALSE
	EndGlobalSection
	GlobalSection(ProjectConfigurationPlatforms) = postSolution
		{86499562-5E5E-45E8-9A4A-894DA0EFD5B2}.Debug|Any CPU.ActiveCfg = Debug|Any CPU
		{86499562-5E5E-45E8-9A4A-894DA0EFD5B2}.Debug|Any CPU.Build.0 = Debug|Any CPU
		{86499562-5E5E-45E8-9A4A-894DA0EFD5B2}.Release|Any CPU.ActiveCfg = Release|Any CPU
		{86499562-5E5E-45E8-9A4A-894DA0EFD5B2}.Release|Any CPU.Build.0 = Release|Any CPU
		{A3048169-33F9-4E38-94A5-A01119CCED9E}.Debug|Any CPU.ActiveCfg = Debug|Any CPU
		{A3048169-33F9-4E38-94A5-A01119CCED9E}.Debug|Any CPU.Build.0 = Debug|Any CPU
		{A3048169-33F9-4E38-94A5-A01119CCED9E}.Release|Any CPU.ActiveCfg = Release|Any CPU
		{A3048169-33F9-4E38-94A5-A01119CCED9E}.Release|Any CPU.Build.0 = Release|Any CPU
		{7CBE7EB9-56C2-445D-B2BA-04D9E5E9E70A}.Debug|Any CPU.ActiveCfg = Debug|Any CPU
		{7CBE7EB9-56C2-445D-B2BA-04D9E5E9E70A}.Debug|Any CPU.Build.0 = Debug|Any CPU
		{7CBE7EB9-56C2-445D-B2BA-04D9E5E9E70A}.Release|Any CPU.ActiveCfg = Release|Any CPU
		{7CBE7EB9-56C2-445D-B2BA-04D9E5E9E70A}.Release|Any CPU.Build.0 = Release|Any CPU
	EndGlobalSection
EndGlobal
